
Microsoft Visual Studio Solution File, Format Version 12.00
# Visual Studio Version 17
VisualStudioVersion = 17.5.33516.290
MinimumVisualStudioVersion = 10.0.40219.1
Project("{FAE04EC0-301F-11D3-BF4B-00C04F79EFBC}") = "Prueba_GitHub", "Prueba_GitHub\Prueba_GitHub.csproj", "{BF4D9130-CFC9-4247-9268-309B4A5D22C4}"
EndProject
Global
	GlobalSection(SolutionConfigurationPlatforms) = preSolution
		Debug|Any CPU = Debug|Any CPU
		Release|Any CPU = Release|Any CPU
	EndGlobalSection
	GlobalSection(ProjectConfigurationPlatforms) = postSolution
		{BF4D9130-CFC9-4247-9268-309B4A5D22C4}.Debug|Any CPU.ActiveCfg = Debug|Any CPU
		{BF4D9130-CFC9-4247-9268-309B4A5D22C4}.Debug|Any CPU.Build.0 = Debug|Any CPU
		{BF4D9130-CFC9-4247-9268-309B4A5D22C4}.Release|Any CPU.ActiveCfg = Release|Any CPU
		{BF4D9130-CFC9-4247-9268-309B4A5D22C4}.Release|Any CPU.Build.0 = Release|Any CPU
	EndGlobalSection
	GlobalSection(SolutionProperties) = preSolution
		HideSolutionNode = FALSE
	EndGlobalSection
	GlobalSection(ExtensibilityGlobals) = postSolution
		SolutionGuid = {2DF8D9C7-180F-4AC8-9ACC-8B10380A18DD}
	EndGlobalSection
EndGlobal
